
Microsoft Visual Studio Solution File, Format Version 12.00
# Visual Studio Version 17
VisualStudioVersion = 17.0.31903.59
MinimumVisualStudioVersion = 10.0.40219.1
Project("{FAE04EC0-301F-11D3-BF4B-00C04F79EFBC}") = "Calculadora", "Calculadora\Calculadora.csproj", "{5F535CC3-E0F8-4E0A-ACE8-142DC99777CF}"
EndProject
Project("{FAE04EC0-301F-11D3-BF4B-00C04F79EFBC}") = "CalculadoraTestes", "CalculadoraTestes\CalculadoraTestes.csproj", "{318DA2C5-5EF4-45E6-955F-F59C6D22ADF7}"
EndProject
Global
	GlobalSection(SolutionConfigurationPlatforms) = preSolution
		Debug|Any CPU = Debug|Any CPU
		Release|Any CPU = Release|Any CPU
	EndGlobalSection
	GlobalSection(SolutionProperties) = preSolution
		HideSolutionNode = FALSE
	EndGlobalSection
	GlobalSection(ProjectConfigurationPlatforms) = postSolution
		{5F535CC3-E0F8-4E0A-ACE8-142DC99777CF}.Debug|Any CPU.ActiveCfg = Debug|Any CPU
		{5F535CC3-E0F8-4E0A-ACE8-142DC99777CF}.Debug|Any CPU.Build.0 = Debug|Any CPU
		{5F535CC3-E0F8-4E0A-ACE8-142DC99777CF}.Release|Any CPU.ActiveCfg = Release|Any CPU
		{5F535CC3-E0F8-4E0A-ACE8-142DC99777CF}.Release|Any CPU.Build.0 = Release|Any CPU
		{318DA2C5-5EF4-45E6-955F-F59C6D22ADF7}.Debug|Any CPU.ActiveCfg = Debug|Any CPU
		{318DA2C5-5EF4-45E6-955F-F59C6D22ADF7}.Debug|Any CPU.Build.0 = Debug|Any CPU
		{318DA2C5-5EF4-45E6-955F-F59C6D22ADF7}.Release|Any CPU.ActiveCfg = Release|Any CPU
		{318DA2C5-5EF4-45E6-955F-F59C6D22ADF7}.Release|Any CPU.Build.0 = Release|Any CPU
	EndGlobalSection
EndGlobal
